lockfileVersion: 5.4

specifiers:
  events: ^3.3.0
  reflect-metadata: ^0.1.13

dependencies:
  events: registry.npmmirror.com/events/3.3.0
  reflect-metadata: registry.npmmirror.com/reflect-metadata/0.1.13

packages:

  registry.npmmirror.com/events/3.3.0:
    resolution: {integrity: sha512-mQw+2fkQbALzQ7V0MY0IqdnXNOeTtP4r0lN9z7AAawCXgqea7bDii20AYrIBrFd/Hx0M2Ocz6S111CaFkUcb0Q==, registry: https://registry.npm.taobao.org/, tarball: https://registry.npmmirror.com/events/-/events-3.3.0.tgz}
    name: events
    version: 3.3.0
    engines: {node: '>=0.8.x'}
    dev: false

  registry.npmmirror.com/reflect-metadata/0.1.13:
    resolution: {integrity: sha512-Ts1Y/anZELhSsjMcU605fU9RE4Oi3p5ORujwbIKXfWa+0Zxs510Qrmrce5/Jowq3cHSZSJqBjypxmHarc+vEWg==, registry: https://registry.npm.taobao.org/, tarball: https://registry.npmmirror.com/reflect-metadata/-/reflect-metadata-0.1.13.tgz}
    name: reflect-metadata
    version: 0.1.13
    dev: false
